
Microsoft Visual Studio Solution File, Format Version 12.00
# Visual Studio Version 17
VisualStudioVersion = 17.4.33205.214
MinimumVisualStudioVersion = 10.0.40219.1
Project("{9A19103F-16F7-4668-BE54-9A1E7A4F7556}") = "EmployeeCURDServices", "EmployeeCurdServices\EmployeeCURDServices.csproj", "{57BFDD80-747B-496E-B88B-48029CDEFA32}"
EndProject
Project("{9A19103F-16F7-4668-BE54-9A1E7A4F7556}") = "EmployeeTestService", "EmployeeTestService\EmployeeTestService.csproj", "{34E24F75-E1E5-43D4-AA18-EC6F02457A80}"
EndProject
Global
	GlobalSection(SolutionConfigurationPlatforms) = preSolution
		Debug|Any CPU = Debug|Any CPU
		Release|Any CPU = Release|Any CPU
	EndGlobalSection
	GlobalSection(ProjectConfigurationPlatforms) = postSolution
		{57BFDD80-747B-496E-B88B-48029CDEFA32}.Debug|Any CPU.ActiveCfg = Debug|Any CPU
		{57BFDD80-747B-496E-B88B-48029CDEFA32}.Debug|Any CPU.Build.0 = Debug|Any CPU
		{57BFDD80-747B-496E-B88B-48029CDEFA32}.Release|Any CPU.ActiveCfg = Release|Any CPU
		{57BFDD80-747B-496E-B88B-48029CDEFA32}.Release|Any CPU.Build.0 = Release|Any CPU
		{34E24F75-E1E5-43D4-AA18-EC6F02457A80}.Debug|Any CPU.ActiveCfg = Debug|Any CPU
		{34E24F75-E1E5-43D4-AA18-EC6F02457A80}.Debug|Any CPU.Build.0 = Debug|Any CPU
		{34E24F75-E1E5-43D4-AA18-EC6F02457A80}.Release|Any CPU.ActiveCfg = Release|Any CPU
		{34E24F75-E1E5-43D4-AA18-EC6F02457A80}.Release|Any CPU.Build.0 = Release|Any CPU
	EndGlobalSection
	GlobalSection(SolutionProperties) = preSolution
		HideSolutionNode = FALSE
	EndGlobalSection
	GlobalSection(ExtensibilityGlobals) = postSolution
		SolutionGuid = {2151BA91-893D-4F56-B81F-7CDA63D7FC84}
	EndGlobalSection
EndGlobal
