
Microsoft Visual Studio Solution File, Format Version 12.00
# Visual Studio Version 17
VisualStudioVersion = 17.3.32811.315
MinimumVisualStudioVersion = 10.0.40219.1
Project("{FAE04EC0-301F-11D3-BF4B-00C04F79EFBC}") = "EmployeeCURDService", "EmployeeCURDService\EmployeeCURDService.csproj", "{7FF77041-661E-4C26-8AFD-251452998C42}"
EndProject
Project("{FAE04EC0-301F-11D3-BF4B-00C04F79EFBC}") = "EmployeeTestService", "EmployeeTestService\EmployeeTestService.csproj", "{8C86082A-69BD-4F61-8BDD-BFCA4947A35A}"
EndProject
Global
	GlobalSection(SolutionConfigurationPlatforms) = preSolution
		Debug|Any CPU = Debug|Any CPU
		Release|Any CPU = Release|Any CPU
	EndGlobalSection
	GlobalSection(ProjectConfigurationPlatforms) = postSolution
		{7FF77041-661E-4C26-8AFD-251452998C42}.Debug|Any CPU.ActiveCfg = Debug|Any CPU
		{7FF77041-661E-4C26-8AFD-251452998C42}.Debug|Any CPU.Build.0 = Debug|Any CPU
		{7FF77041-661E-4C26-8AFD-251452998C42}.Release|Any CPU.ActiveCfg = Release|Any CPU
		{7FF77041-661E-4C26-8AFD-251452998C42}.Release|Any CPU.Build.0 = Release|Any CPU
		{8C86082A-69BD-4F61-8BDD-BFCA4947A35A}.Debug|Any CPU.ActiveCfg = Debug|Any CPU
		{8C86082A-69BD-4F61-8BDD-BFCA4947A35A}.Debug|Any CPU.Build.0 = Debug|Any CPU
		{8C86082A-69BD-4F61-8BDD-BFCA4947A35A}.Release|Any CPU.ActiveCfg = Release|Any CPU
		{8C86082A-69BD-4F61-8BDD-BFCA4947A35A}.Release|Any CPU.Build.0 = Release|Any CPU
	EndGlobalSection
	GlobalSection(SolutionProperties) = preSolution
		HideSolutionNode = FALSE
	EndGlobalSection
	GlobalSection(ExtensibilityGlobals) = postSolution
		SolutionGuid = {2151BA91-893D-4F56-B81F-7CDA63D7FC84}
	EndGlobalSection
EndGlobal
